
Microsoft Visual Studio Solution File, Format Version 12.00
# Visual Studio Version 17
VisualStudioVersion = 17.1.32421.90
MinimumVisualStudioVersion = 10.0.40219.1
Project("{FAE04EC0-301F-11D3-BF4B-00C04F79EFBC}") = "ListasDoblementeCirculares", "ListasDoblementeCirculares\ListasDoblementeCirculares.csproj", "{53FC5C28-9D24-4C27-937E-FCD15F5AE9D7}"
EndProject
Global
	GlobalSection(SolutionConfigurationPlatforms) = preSolution
		Debug|Any CPU = Debug|Any CPU
		Release|Any CPU = Release|Any CPU
	EndGlobalSection
	GlobalSection(ProjectConfigurationPlatforms) = postSolution
		{53FC5C28-9D24-4C27-937E-FCD15F5AE9D7}.Debug|Any CPU.ActiveCfg = Debug|Any CPU
		{53FC5C28-9D24-4C27-937E-FCD15F5AE9D7}.Debug|Any CPU.Build.0 = Debug|Any CPU
		{53FC5C28-9D24-4C27-937E-FCD15F5AE9D7}.Release|Any CPU.ActiveCfg = Release|Any CPU
		{53FC5C28-9D24-4C27-937E-FCD15F5AE9D7}.Release|Any CPU.Build.0 = Release|Any CPU
	EndGlobalSection
	GlobalSection(SolutionProperties) = preSolution
		HideSolutionNode = FALSE
	EndGlobalSection
	GlobalSection(ExtensibilityGlobals) = postSolution
		SolutionGuid = {78809127-56D4-4E4B-B6C2-3962D9912863}
	EndGlobalSection
EndGlobal
